
Microsoft Visual Studio Solution File, Format Version 12.00
# Visual Studio Version 16
VisualStudioVersion = 16.0.31624.102
MinimumVisualStudioVersion = 10.0.40219.1
Project("{FAE04EC0-301F-11D3-BF4B-00C04F79EFBC}") = "Multithreding - Task 4", "Multithreding - Task 4\Multithreding - Task 4.csproj", "{B8366FF4-D25E-47AF-AB7A-13723315A631}"
EndProject
Global
	GlobalSection(SolutionConfigurationPlatforms) = preSolution
		Debug|Any CPU = Debug|Any CPU
		Release|Any CPU = Release|Any CPU
	EndGlobalSection
	GlobalSection(ProjectConfigurationPlatforms) = postSolution
		{B8366FF4-D25E-47AF-AB7A-13723315A631}.Debug|Any CPU.ActiveCfg = Debug|Any CPU
		{B8366FF4-D25E-47AF-AB7A-13723315A631}.Debug|Any CPU.Build.0 = Debug|Any CPU
		{B8366FF4-D25E-47AF-AB7A-13723315A631}.Release|Any CPU.ActiveCfg = Release|Any CPU
		{B8366FF4-D25E-47AF-AB7A-13723315A631}.Release|Any CPU.Build.0 = Release|Any CPU
	EndGlobalSection
	GlobalSection(SolutionProperties) = preSolution
		HideSolutionNode = FALSE
	EndGlobalSection
	GlobalSection(ExtensibilityGlobals) = postSolution
		SolutionGuid = {BEEA36F4-0C68-4836-8A3D-EB224E4EDB80}
	EndGlobalSection
EndGlobal
